
Microsoft Visual Studio Solution File, Format Version 12.00
# Visual Studio Version 16
VisualStudioVersion = 16.0.32602.291
MinimumVisualStudioVersion = 10.0.40219.1
Project("{FAE04EC0-301F-11D3-BF4B-00C04F79EFBC}") = "Lanchonete", "Lanchonete.csproj", "{CBBF3A43-3144-43D1-9A6A-5A3304C9BC63}"
EndProject
Global
	GlobalSection(SolutionConfigurationPlatforms) = preSolution
		Debug|Any CPU = Debug|Any CPU
		Release|Any CPU = Release|Any CPU
	EndGlobalSection
	GlobalSection(ProjectConfigurationPlatforms) = postSolution
		{CBBF3A43-3144-43D1-9A6A-5A3304C9BC63}.Debug|Any CPU.ActiveCfg = Debug|Any CPU
		{CBBF3A43-3144-43D1-9A6A-5A3304C9BC63}.Debug|Any CPU.Build.0 = Debug|Any CPU
		{CBBF3A43-3144-43D1-9A6A-5A3304C9BC63}.Release|Any CPU.ActiveCfg = Release|Any CPU
		{CBBF3A43-3144-43D1-9A6A-5A3304C9BC63}.Release|Any CPU.Build.0 = Release|Any CPU
	EndGlobalSection
	GlobalSection(SolutionProperties) = preSolution
		HideSolutionNode = FALSE
	EndGlobalSection
	GlobalSection(ExtensibilityGlobals) = postSolution
		SolutionGuid = {AA6F5E6B-ABFB-4B6C-9230-E00C757DEDF8}
	EndGlobalSection
EndGlobal
